
Microsoft Visual Studio Solution File, Format Version 12.00
# Visual Studio 2013
VisualStudioVersion = 12.0.40629.0
MinimumVisualStudioVersion = 10.0.40219.1
Project("{FAE04EC0-301F-11D3-BF4B-00C04F79EFBC}") = "Models", "Models\Models.csproj", "{619FDE89-5829-4E59-8D1E-55B21C279540}"
EndProject
Project("{FAE04EC0-301F-11D3-BF4B-00C04F79EFBC}") = "Data", "Data\Data.csproj", "{6C2AC38F-404F-4A55-A29F-8CEBDB8C054E}"
EndProject
Project("{FAE04EC0-301F-11D3-BF4B-00C04F79EFBC}") = "Services", "Services\Services.csproj", "{D24FEBA6-582F-49EA-A858-C1484B3C8E58}"
EndProject
Project("{FAE04EC0-301F-11D3-BF4B-00C04F79EFBC}") = "WebMediaClient", "WebMediaClient\WebMediaClient.csproj", "{9E2B5243-BCD9-444E-BAF5-1461AB2F98F4}"
EndProject
Global
	GlobalSection(SolutionConfigurationPlatforms) = preSolution
		Debug|Any CPU = Debug|Any CPU
		Release|Any CPU = Release|Any CPU
	EndGlobalSection
	GlobalSection(ProjectConfigurationPlatforms) = postSolution
		{619FDE89-5829-4E59-8D1E-55B21C279540}.Debug|Any CPU.ActiveCfg = Debug|Any CPU
		{619FDE89-5829-4E59-8D1E-55B21C279540}.Debug|Any CPU.Build.0 = Debug|Any CPU
		{619FDE89-5829-4E59-8D1E-55B21C279540}.Release|Any CPU.ActiveCfg = Release|Any CPU
		{619FDE89-5829-4E59-8D1E-55B21C279540}.Release|Any CPU.Build.0 = Release|Any CPU
		{6C2AC38F-404F-4A55-A29F-8CEBDB8C054E}.Debug|Any CPU.ActiveCfg = Debug|Any CPU
		{6C2AC38F-404F-4A55-A29F-8CEBDB8C054E}.Debug|Any CPU.Build.0 = Debug|Any CPU
		{6C2AC38F-404F-4A55-A29F-8CEBDB8C054E}.Release|Any CPU.ActiveCfg = Release|Any CPU
		{6C2AC38F-404F-4A55-A29F-8CEBDB8C054E}.Release|Any CPU.Build.0 = Release|Any CPU
		{D24FEBA6-582F-49EA-A858-C1484B3C8E58}.Debug|Any CPU.ActiveCfg = Debug|Any CPU
		{D24FEBA6-582F-49EA-A858-C1484B3C8E58}.Debug|Any CPU.Build.0 = Debug|Any CPU
		{D24FEBA6-582F-49EA-A858-C1484B3C8E58}.Release|Any CPU.ActiveCfg = Release|Any CPU
		{D24FEBA6-582F-49EA-A858-C1484B3C8E58}.Release|Any CPU.Build.0 = Release|Any CPU
		{9E2B5243-BCD9-444E-BAF5-1461AB2F98F4}.Debug|Any CPU.ActiveCfg = Debug|Any CPU
		{9E2B5243-BCD9-444E-BAF5-1461AB2F98F4}.Debug|Any CPU.Build.0 = Debug|Any CPU
		{9E2B5243-BCD9-444E-BAF5-1461AB2F98F4}.Release|Any CPU.ActiveCfg = Release|Any CPU
		{9E2B5243-BCD9-444E-BAF5-1461AB2F98F4}.Release|Any CPU.Build.0 = Release|Any CPU
	EndGlobalSection
	GlobalSection(SolutionProperties) = preSolution
		HideSolutionNode = FALSE
	EndGlobalSection
EndGlobal
